
Microsoft Visual Studio Solution File, Format Version 12.00
# Visual Studio Version 17
VisualStudioVersion = 17.9.34622.214
MinimumVisualStudioVersion = 10.0.40219.1
Project("{FAE04EC0-301F-11D3-BF4B-00C04F79EFBC}") = "Lab2", "Lab2.csproj", "{84CB038A-300D-4ED8-BD20-0401538358EF}"
EndProject
Project("{FAE04EC0-301F-11D3-BF4B-00C04F79EFBC}") = "API_GUI", "..\API_GUI\API_GUI.csproj", "{C81A7194-B886-4923-9A24-AE78F5FD8B14}"
EndProject
Global
	GlobalSection(SolutionConfigurationPlatforms) = preSolution
		Debug|Any CPU = Debug|Any CPU
		Release|Any CPU = Release|Any CPU
	EndGlobalSection
	GlobalSection(ProjectConfigurationPlatforms) = postSolution
		{84CB038A-300D-4ED8-BD20-0401538358EF}.Debug|Any CPU.ActiveCfg = Debug|Any CPU
		{84CB038A-300D-4ED8-BD20-0401538358EF}.Debug|Any CPU.Build.0 = Debug|Any CPU
		{84CB038A-300D-4ED8-BD20-0401538358EF}.Release|Any CPU.ActiveCfg = Release|Any CPU
		{84CB038A-300D-4ED8-BD20-0401538358EF}.Release|Any CPU.Build.0 = Release|Any CPU
		{C81A7194-B886-4923-9A24-AE78F5FD8B14}.Debug|Any CPU.ActiveCfg = Debug|Any CPU
		{C81A7194-B886-4923-9A24-AE78F5FD8B14}.Debug|Any CPU.Build.0 = Debug|Any CPU
		{C81A7194-B886-4923-9A24-AE78F5FD8B14}.Release|Any CPU.ActiveCfg = Release|Any CPU
		{C81A7194-B886-4923-9A24-AE78F5FD8B14}.Release|Any CPU.Build.0 = Release|Any CPU
	EndGlobalSection
	GlobalSection(SolutionProperties) = preSolution
		HideSolutionNode = FALSE
	EndGlobalSection
	GlobalSection(ExtensibilityGlobals) = postSolution
		SolutionGuid = {6B8079A0-CD3D-4C55-BA44-7CA8D4735404}
	EndGlobalSection
EndGlobal
