
Microsoft Visual Studio Solution File, Format Version 12.00
# Visual Studio Version 17
VisualStudioVersion = 17.9.34723.18
MinimumVisualStudioVersion = 10.0.40219.1
Project("{FAE04EC0-301F-11D3-BF4B-00C04F79EFBC}") = "Lab3", "Lab3.csproj", "{ABAEBBB9-AF6E-4127-8AFE-08432D6A7E44}"
EndProject
Global
	GlobalSection(SolutionConfigurationPlatforms) = preSolution
		Debug|Any CPU = Debug|Any CPU
		Release|Any CPU = Release|Any CPU
	EndGlobalSection
	GlobalSection(ProjectConfigurationPlatforms) = postSolution
		{ABAEBBB9-AF6E-4127-8AFE-08432D6A7E44}.Debug|Any CPU.ActiveCfg = Debug|Any CPU
		{ABAEBBB9-AF6E-4127-8AFE-08432D6A7E44}.Debug|Any CPU.Build.0 = Debug|Any CPU
		{ABAEBBB9-AF6E-4127-8AFE-08432D6A7E44}.Release|Any CPU.ActiveCfg = Release|Any CPU
		{ABAEBBB9-AF6E-4127-8AFE-08432D6A7E44}.Release|Any CPU.Build.0 = Release|Any CPU
	EndGlobalSection
	GlobalSection(SolutionProperties) = preSolution
		HideSolutionNode = FALSE
	EndGlobalSection
	GlobalSection(ExtensibilityGlobals) = postSolution
		SolutionGuid = {73AED66D-6AB1-476D-93F8-A4135929BF60}
	EndGlobalSection
EndGlobal
